// !$*UTF8*$!
{
	archiveVersion = 1;
	classes = {
	};
	objectVersion = 56;
	objects = {

/* Begin PBXBuildFile section */
		3D9004972C380DC8001B05E9 /* OutboundJourneys.swift in Sources */ = {isa = PBXBuildFile; fileRef = 3D9004962C380DC8001B05E9 /* OutboundJourneys.swift */; };
		4B7D09E22C35AD680092CB28 /* mpp_iosApp.swift in Sources */ = {isa = PBXBuildFile; fileRef = 4B7D09E12C35AD680092CB28 /* mpp_iosApp.swift */; };
		4B7D09E42C35AD680092CB28 /* ContentView.swift in Sources */ = {isa = PBXBuildFile; fileRef = 4B7D09E32C35AD680092CB28 /* ContentView.swift */; };
		4B7D09E62C35AD690092CB28 /* Assets.xcassets in Resources */ = {isa = PBXBuildFile; fileRef = 4B7D09E52C35AD690092CB28 /* Assets.xcassets */; };
		4B7D09E92C35AD690092CB28 /* Preview Assets.xcassets in Resources */ = {isa = PBXBuildFile; fileRef = 4B7D09E82C35AD690092CB28 /* Preview Assets.xcassets */; };
		4B7D09F32C35AD690092CB28 /* mpp_iosTests.swift in Sources */ = {isa = PBXBuildFile; fileRef = 4B7D09F22C35AD690092CB28 /* mpp_iosTests.swift */; };
		4B7D09FD2C35AD690092CB28 /* mpp_iosUITests.swift in Sources */ = {isa = PBXBuildFile; fileRef = 4B7D09FC2C35AD690092CB28 /* mpp_iosUITests.swift */; };
		4B7D09FF2C35AD690092CB28 /* mpp_iosUITestsLaunchTests.swift in Sources */ = {isa = PBXBuildFile; fileRef = 4B7D09FE2C35AD690092CB28 /* mpp_iosUITestsLaunchTests.swift */; };
/* End PBXBuildFile section */

/* Begin PBXContainerItemProxy section */
		4B7D09EF2C35AD690092CB28 /* PBXContainerItemProxy */ = {
			isa = PBXContainerItemProxy;
			containerPortal = 4B7D09D62C35AD680092CB28 /* Project object */;
			proxyType = 1;
			remoteGlobalIDString = 4B7D09DD2C35AD680092CB28;
			remoteInfo = "mpp-ios";
		};
		4B7D09F92C35AD690092CB28 /* PBXContainerItemProxy */ = {
			isa = PBXContainerItemProxy;
			containerPortal = 4B7D09D62C35AD680092CB28 /* Project object */;
			proxyType = 1;
			remoteGlobalIDString = 4B7D09DD2C35AD680092CB28;
			remoteInfo = "mpp-ios";
		};
/* End PBXContainerItemProxy section */

/* Begin PBXFileReference section */
		3D9004962C380DC8001B05E9 /* OutboundJourneys.swift */ = {isa = PBXFileReference; lastKnownFileType = sourcecode.swift; path = OutboundJourneys.swift; sourceTree = "<group>"; };
		4B7D09DE2C35AD680092CB28 /* mpp-ios.app */ = {isa = PBXFileReference; explicitFileType = wrapper.application; includeInIndex = 0; path = "mpp-ios.app"; sourceTree = BUILT_PRODUCTS_DIR; };
		4B7D09E12C35AD680092CB28 /* mpp_iosApp.swift */ = {isa = PBXFileReference; lastKnownFileType = sourcecode.swift; path = mpp_iosApp.swift; sourceTree = "<group>"; };
		4B7D09E32C35AD680092CB28 /* ContentView.swift */ = {isa = PBXFileReference; lastKnownFileType = sourcecode.swift; path = ContentView.swift; sourceTree = "<group>"; };
		4B7D09E52C35AD690092CB28 /* Assets.xcassets */ = {isa = PBXFileReference; lastKnownFileType = folder.assetcatalog; path = Assets.xcassets; sourceTree = "<group>"; };
		4B7D09E82C35AD690092CB28 /* Preview Assets.xcassets */ = {isa = PBXFileReference; lastKnownFileType = folder.assetcatalog; path = "Preview Assets.xcassets"; sourceTree = "<group>"; };
		4B7D09EE2C35AD690092CB28 /* mpp-iosTests.xctest */ = {isa = PBXFileReference; explicitFileType = wrapper.cfbundle; includeInIndex = 0; path = "mpp-iosTests.xctest"; sourceTree = BUILT_PRODUCTS_DIR; };
		4B7D09F22C35AD690092CB28 /* mpp_iosTests.swift */ = {isa = PBXFileReference; lastKnownFileType = sourcecode.swift; path = mpp_iosTests.swift; sourceTree = "<group>"; };
		4B7D09F82C35AD690092CB28 /* mpp-iosUITests.xctest */ = {isa = PBXFileReference; explicitFileType = wrapper.cfbundle; includeInIndex = 0; path = "mpp-iosUITests.xctest"; sourceTree = BUILT_PRODUCTS_DIR; };
		4B7D09FC2C35AD690092CB28 /* mpp_iosUITests.swift */ = {isa = PBXFileReference; lastKnownFileType = sourcecode.swift; path = mpp_iosUITests.swift; sourceTree = "<group>"; };
		4B7D09FE2C35AD690092CB28 /* mpp_iosUITestsLaunchTests.swift */ = {isa = PBXFileReference; lastKnownFileType = sourcecode.swift; path = mpp_iosUITestsLaunchTests.swift; sourceTree = "<group>"; };
/* End PBXFileReference section */

/* Begin PBXFrameworksBuildPhase section */
		4B7D09DB2C35AD680092CB28 /* Frameworks */ = {
			isa = PBXFrameworksBuildPhase;
			buildActionMask = 2147483647;
			files = (
			);
			runOnlyForDeploymentPostprocessing = 0;
		};
		4B7D09EB2C35AD690092CB28 /* Frameworks */ = {
			isa = PBXFrameworksBuildPhase;
			buildActionMask = 2147483647;
			files = (
			);
			runOnlyForDeploymentPostprocessing = 0;
		};
		4B7D09F52C35AD690092CB28 /* Frameworks */ = {
			isa = PBXFrameworksBuildPhase;
			buildActionMask = 2147483647;
			files = (
			);
			runOnlyForDeploymentPostprocessing = 0;
		};
/* End PBXFrameworksBuildPhase section */

/* Begin PBXGroup section */
		4B7D09D52C35AD680092CB28 = {
			isa = PBXGroup;
			children = (
				4B7D09E02C35AD680092CB28 /* mpp-ios */,
				4B7D09F12C35AD690092CB28 /* mpp-iosTests */,
				4B7D09FB2C35AD690092CB28 /* mpp-iosUITests */,
				4B7D09DF2C35AD680092CB28 /* Products */,
			);
			sourceTree = "<group>";
		};
		4B7D09DF2C35AD680092CB28 /* Products */ = {
			isa = PBXGroup;
			children = (
				4B7D09DE2C35AD680092CB28 /* mpp-ios.app */,
				4B7D09EE2C35AD690092CB28 /* mpp-iosTests.xctest */,
				4B7D09F82C35AD690092CB28 /* mpp-iosUITests.xctest */,
			);
			name = Products;
			sourceTree = "<group>";
		};
		4B7D09E02C35AD680092CB28 /* mpp-ios */ = {
			isa = PBXGroup;
			children = (
				4B7D09E12C35AD680092CB28 /* mpp_iosApp.swift */,
				4B7D09E32C35AD680092CB28 /* ContentView.swift */,
				4B7D09E52C35AD690092CB28 /* Assets.xcassets */,
				4B7D09E72C35AD690092CB28 /* Preview Content */,
				3D9004962C380DC8001B05E9 /* OutboundJourneys.swift */,
			);
			path = "mpp-ios";
			sourceTree = "<group>";
		};
		4B7D09E72C35AD690092CB28 /* Preview Content */ = {
			isa = PBXGroup;
			children = (
				4B7D09E82C35AD690092CB28 /* Preview Assets.xcassets */,
			);
			path = "Preview Content";
			sourceTree = "<group>";
		};
		4B7D09F12C35AD690092CB28 /* mpp-iosTests */ = {
			isa = PBXGroup;
			children = (
				4B7D09F22C35AD690092CB28 /* mpp_iosTests.swift */,
			);
			path = "mpp-iosTests";
			sourceTree = "<group>";
		};
		4B7D09FB2C35AD690092CB28 /* mpp-iosUITests */ = {
			isa = PBXGroup;
			children = (
				4B7D09FC2C35AD690092CB28 /* mpp_iosUITests.swift */,
				4B7D09FE2C35AD690092CB28 /* mpp_iosUITestsLaunchTests.swift */,
			);
			path = "mpp-iosUITests";
			sourceTree = "<group>";
		};
/* End PBXGroup section */

/* Begin PBXNativeTarget section */
		4B7D09DD2C35AD680092CB28 /* mpp-ios */ = {
			isa = PBXNativeTarget;
			buildConfigurationList = 4B7D0A022C35AD690092CB28 /* Build configuration list for PBXNativeTarget "mpp-ios" */;
			buildPhases = (
				4B7D09DA2C35AD680092CB28 /* Sources */,
				4B7D09DB2C35AD680092CB28 /* Frameworks */,
				4B7D09DC2C35AD680092CB28 /* Resources */,
			);
			buildRules = (
			);
			dependencies = (
			);
			name = "mpp-ios";
			productName = "mpp-ios";
			productReference = 4B7D09DE2C35AD680092CB28 /* mpp-ios.app */;
			productType = "com.apple.product-type.application";
		};
		4B7D09ED2C35AD690092CB28 /* mpp-iosTests */ = {
			isa = PBXNativeTarget;
			buildConfigurationList = 4B7D0A052C35AD690092CB28 /* Build configuration list for PBXNativeTarget "mpp-iosTests" */;
			buildPhases = (
				4B7D09EA2C35AD690092CB28 /* Sources */,
				4B7D09EB2C35AD690092CB28 /* Frameworks */,
				4B7D09EC2C35AD690092CB28 /* Resources */,
			);
			buildRules = (
			);
			dependencies = (
				4B7D09F02C35AD690092CB28 /* PBXTargetDependency */,
			);
			name = "mpp-iosTests";
			productName = "mpp-iosTests";
			productReference = 4B7D09EE2C35AD690092CB28 /* mpp-iosTests.xctest */;
			productType = "com.apple.product-type.bundle.unit-test";
		};
		4B7D09F72C35AD690092CB28 /* mpp-iosUITests */ = {
			isa = PBXNativeTarget;
			buildConfigurationList = 4B7D0A082C35AD690092CB28 /* Build configuration list for PBXNativeTarget "mpp-iosUITests" */;
			buildPhases = (
				4B7D09F42C35AD690092CB28 /* Sources */,
				4B7D09F52C35AD690092CB28 /* Frameworks */,
				4B7D09F62C35AD690092CB28 /* Resources */,
			);
			buildRules = (
			);
			dependencies = (
				4B7D09FA2C35AD690092CB28 /* PBXTargetDependency */,
			);
			name = "mpp-iosUITests";
			productName = "mpp-iosUITests";
			productReference = 4B7D09F82C35AD690092CB28 /* mpp-iosUITests.xctest */;
			productType = "com.apple.product-type.bundle.ui-testing";
		};
/* End PBXNativeTarget section */

/* Begin PBXProject section */
		4B7D09D62C35AD680092CB28 /* Project object */ = {
			isa = PBXProject;
			attributes = {
				BuildIndependentTargetsInParallel = 1;
				LastSwiftUpdateCheck = 1540;
				LastUpgradeCheck = 1540;
				TargetAttributes = {
					4B7D09DD2C35AD680092CB28 = {
						CreatedOnToolsVersion = 15.4;
					};
					4B7D09ED2C35AD690092CB28 = {
						CreatedOnToolsVersion = 15.4;
						TestTargetID = 4B7D09DD2C35AD680092CB28;
					};
					4B7D09F72C35AD690092CB28 = {
						CreatedOnToolsVersion = 15.4;
						TestTargetID = 4B7D09DD2C35AD680092CB28;
					};
				};
			};
			buildConfigurationList = 4B7D09D92C35AD680092CB28 /* Build configuration list for PBXProject "mpp-ios" */;
			compatibilityVersion = "Xcode 14.0";
			developmentRegion = en;
			hasScannedForEncodings = 0;
			knownRegions = (
				en,
				Base,
			);
			mainGroup = 4B7D09D52C35AD680092CB28;
			productRefGroup = 4B7D09DF2C35AD680092CB28 /* Products */;
			projectDirPath = "";
			projectRoot = "";
			targets = (
				4B7D09DD2C35AD680092CB28 /* mpp-ios */,
				4B7D09ED2C35AD690092CB28 /* mpp-iosTests */,
				4B7D09F72C35AD690092CB28 /* mpp-iosUITests */,
			);
		};
/* End PBXProject section */

/* Begin PBXResourcesBuildPhase section */
		4B7D09DC2C35AD680092CB28 /* Resources */ = {
			isa = PBXResourcesBuildPhase;
			buildActionMask = 2147483647;
			files = (
				4B7D09E92C35AD690092CB28 /* Preview Assets.xcassets in Resources */,
				4B7D09E62C35AD690092CB28 /* Assets.xcassets in Resources */,
			);
			runOnlyForDeploymentPostprocessing = 0;
		};
		4B7D09EC2C35AD690092CB28 /* Resources */ = {
			isa = PBXResourcesBuildPhase;
			buildActionMask = 2147483647;
			files = (
			);
			runOnlyForDeploymentPostprocessing = 0;
		};
		4B7D09F62C35AD690092CB28 /* Resources */ = {
			isa = PBXResourcesBuildPhase;
			buildActionMask = 2147483647;
			files = (
			);
			runOnlyForDeploymentPostprocessing = 0;
		};
/* End PBXResourcesBuildPhase section */

/* Begin PBXSourcesBuildPhase section */
		4B7D09DA2C35AD680092CB28 /* Sources */ = {
			isa = PBXSourcesBuildPhase;
			buildActionMask = 2147483647;
			files = (
				4B7D09E42C35AD680092CB28 /* ContentView.swift in Sources */,
				4B7D09E22C35AD680092CB28 /* mpp_iosApp.swift in Sources */,
				3D9004972C380DC8001B05E9 /* OutboundJourneys.swift in Sources */,
			);
			runOnlyForDeploymentPostprocessing = 0;
		};
		4B7D09EA2C35AD690092CB28 /* Sources */ = {
			isa = PBXSourcesBuildPhase;
			buildActionMask = 2147483647;
			files = (
				4B7D09F32C35AD690092CB28 /* mpp_iosTests.swift in Sources */,
			);
			runOnlyForDeploymentPostprocessing = 0;
		};
		4B7D09F42C35AD690092CB28 /* Sources */ = {
			isa = PBXSourcesBuildPhase;
			buildActionMask = 2147483647;
			files = (
				4B7D09FF2C35AD690092CB28 /* mpp_iosUITestsLaunchTests.swift in Sources */,
				4B7D09FD2C35AD690092CB28 /* mpp_iosUITests.swift in Sources */,
			);
			runOnlyForDeploymentPostprocessing = 0;
		};
/* End PBXSourcesBuildPhase section */

/* Begin PBXTargetDependency section */
		4B7D09F02C35AD690092CB28 /* PBXTargetDependency */ = {
			isa = PBXTargetDependency;
			target = 4B7D09DD2C35AD680092CB28 /* mpp-ios */;
			targetProxy = 4B7D09EF2C35AD690092CB28 /* PBXContainerItemProxy */;
		};
		4B7D09FA2C35AD690092CB28 /* PBXTargetDependency */ = {
			isa = PBXTargetDependency;
			target = 4B7D09DD2C35AD680092CB28 /* mpp-ios */;
			targetProxy = 4B7D09F92C35AD690092CB28 /* PBXContainerItemProxy */;
		};
/* End PBXTargetDependency section */

/* Begin XCBuildConfiguration section */
		4B7D0A002C35AD690092CB28 /* Debug */ = {
			isa = XCBuildConfiguration;
			buildSettings = {
				ALWAYS_SEARCH_USER_PATHS = NO;
				ASSETCATALOG_COMPILER_GENERATE_SWIFT_ASSET_SYMBOL_EXTENSIONS = YES;
				CLANG_ANALYZER_NONNULL = YES;
				CLANG_ANALYZER_NUMBER_OBJECT_CONVERSION = YES_AGGRESSIVE;
				CLANG_CXX_LANGUAGE_STANDARD = "gnu++20";
				CLANG_ENABLE_MODULES = YES;
				CLANG_ENABLE_OBJC_ARC = YES;
				CLANG_ENABLE_OBJC_WEAK = YES;
				CLANG_WARN_BLOCK_CAPTURE_AUTORELEASING = YES;
				CLANG_WARN_BOOL_CONVERSION = YES;
				CLANG_WARN_COMMA = YES;
				CLANG_WARN_CONSTANT_CONVERSION = YES;
				CLANG_WARN_DEPRECATED_OBJC_IMPLEMENTATIONS = YES;
				CLANG_WARN_DIRECT_OBJC_ISA_USAGE = YES_ERROR;
				CLANG_WARN_DOCUMENTATION_COMMENTS = YES;
				CLANG_WARN_EMPTY_BODY = YES;
				CLANG_WARN_ENUM_CONVERSION = YES;
				CLANG_WARN_INFINITE_RECURSION = YES;
				CLANG_WARN_INT_CONVERSION = YES;
				CLANG_WARN_NON_LITERAL_NULL_CONVERSION = YES;
				CLANG_WARN_OBJC_IMPLICIT_RETAIN_SELF = YES;
				CLANG_WARN_OBJC_LITERAL_CONVERSION = YES;
				CLANG_WARN_OBJC_ROOT_CLASS = YES_ERROR;
				CLANG_WARN_QUOTED_INCLUDE_IN_FRAMEWORK_HEADER = YES;
				CLANG_WARN_RANGE_LOOP_ANALYSIS = YES;
				CLANG_WARN_STRICT_PROTOTYPES = YES;
				CLANG_WARN_SUSPICIOUS_MOVE = YES;
				CLANG_WARN_UNGUARDED_AVAILABILITY = YES_AGGRESSIVE;
				CLANG_WARN_UNREACHABLE_CODE = YES;
				CLANG_WARN__DUPLICATE_METHOD_MATCH = YES;
				COPY_PHASE_STRIP = NO;
				DEBUG_INFORMATION_FORMAT = dwarf;
				ENABLE_STRICT_OBJC_MSGSEND = YES;
				ENABLE_TESTABILITY = YES;
				ENABLE_USER_SCRIPT_SANDBOXING = YES;
				GCC_C_LANGUAGE_STANDARD = gnu17;
				GCC_DYNAMIC_NO_PIC = NO;
				GCC_NO_COMMON_BLOCKS = YES;
				GCC_OPTIMIZATION_LEVEL = 0;
				GCC_PREPROCESSOR_DEFINITIONS = (
					"DEBUG=1",
					"$(inherited)",
				);
				GCC_WARN_64_TO_32_BIT_CONVERSION = YES;
				GCC_WARN_ABOUT_RETURN_TYPE = YES_ERROR;
				GCC_WARN_UNDECLARED_SELECTOR = YES;
				GCC_WARN_UNINITIALIZED_AUTOS = YES_AGGRESSIVE;
				GCC_WARN_UNUSED_FUNCTION = YES;
				GCC_WARN_UNUSED_VARIABLE = YES;
				IPHONEOS_DEPLOYMENT_TARGET = 17.5;
				LOCALIZATION_PREFERS_STRING_CATALOGS = YES;
				MTL_ENABLE_DEBUG_INFO = INCLUDE_SOURCE;
				MTL_FAST_MATH = YES;
				ONLY_ACTIVE_ARCH = YES;
				SDKROOT = iphoneos;
				SWIFT_ACTIVE_COMPILATION_CONDITIONS = "DEBUG $(inherited)";
				SWIFT_OPTIMIZATION_LEVEL = "-Onone";
			};
			name = Debug;
		};
		4B7D0A012C35AD690092CB28 /* Release */ = {
			isa = XCBuildConfiguration;
			buildSettings = {
				ALWAYS_SEARCH_USER_PATHS = NO;
				ASSETCATALOG_COMPILER_GENERATE_SWIFT_ASSET_SYMBOL_EXTENSIONS = YES;
				CLANG_ANALYZER_NONNULL = YES;
				CLANG_ANALYZER_NUMBER_OBJECT_CONVERSION = YES_AGGRESSIVE;
				CLANG_CXX_LANGUAGE_STANDARD = "gnu++20";
				CLANG_ENABLE_MODULES = YES;
				CLANG_ENABLE_OBJC_ARC = YES;
				CLANG_ENABLE_OBJC_WEAK = YES;
				CLANG_WARN_BLOCK_CAPTURE_AUTORELEASING = YES;
				CLANG_WARN_BOOL_CONVERSION = YES;
				CLANG_WARN_COMMA = YES;
				CLANG_WARN_CONSTANT_CONVERSION = YES;
				CLANG_WARN_DEPRECATED_OBJC_IMPLEMENTATIONS = YES;
				CLANG_WARN_DIRECT_OBJC_ISA_USAGE = YES_ERROR;
				CLANG_WARN_DOCUMENTATION_COMMENTS = YES;
				CLANG_WARN_EMPTY_BODY = YES;
				CLANG_WARN_ENUM_CONVERSION = YES;
				CLANG_WARN_INFINITE_RECURSION = YES;
				CLANG_WARN_INT_CONVERSION = YES;
				CLANG_WARN_NON_LITERAL_NULL_CONVERSION = YES;
				CLANG_WARN_OBJC_IMPLICIT_RETAIN_SELF = YES;
				CLANG_WARN_OBJC_LITERAL_CONVERSION = YES;
				CLANG_WARN_OBJC_ROOT_CLASS = YES_ERROR;
				CLANG_WARN_QUOTED_INCLUDE_IN_FRAMEWORK_HEADER = YES;
				CLANG_WARN_RANGE_LOOP_ANALYSIS = YES;
				CLANG_WARN_STRICT_PROTOTYPES = YES;
				CLANG_WARN_SUSPICIOUS_MOVE = YES;
				CLANG_WARN_UNGUARDED_AVAILABILITY = YES_AGGRESSIVE;
				CLANG_WARN_UNREACHABLE_CODE = YES;
				CLANG_WARN__DUPLICATE_METHOD_MATCH = YES;
				COPY_PHASE_STRIP = NO;
				DEBUG_INFORMATION_FORMAT = "dwarf-with-dsym";
				ENABLE_NS_ASSERTIONS = NO;
				ENABLE_STRICT_OBJC_MSGSEND = YES;
				ENABLE_USER_SCRIPT_SANDBOXING = YES;
				GCC_C_LANGUAGE_STANDARD = gnu17;
				GCC_NO_COMMON_BLOCKS = YES;
				GCC_WARN_64_TO_32_BIT_CONVERSION = YES;
				GCC_WARN_ABOUT_RETURN_TYPE = YES_ERROR;
				GCC_WARN_UNDECLARED_SELECTOR = YES;
				GCC_WARN_UNINITIALIZED_AUTOS = YES_AGGRESSIVE;
				GCC_WARN_UNUSED_FUNCTION = YES;
				GCC_WARN_UNUSED_VARIABLE = YES;
				IPHONEOS_DEPLOYMENT_TARGET = 17.5;
				LOCALIZATION_PREFERS_STRING_CATALOGS = YES;
				MTL_ENABLE_DEBUG_INFO = NO;
				MTL_FAST_MATH = YES;
				SDKROOT = iphoneos;
				SWIFT_COMPILATION_MODE = wholemodule;
				VALIDATE_PRODUCT = YES;
			};
			name = Release;
		};
		4B7D0A032C35AD690092CB28 /* Debug */ = {
			isa = XCBuildConfiguration;
			buildSettings = {
				ASSETCATALOG_COMPILER_APPICON_NAME = AppIcon;
				ASSETCATALOG_COMPILER_GLOBAL_ACCENT_COLOR_NAME = AccentColor;
				CODE_SIGN_STYLE = Automatic;
				CURRENT_PROJECT_VERSION = 1;
				DEVELOPMENT_ASSET_PATHS = "\"mpp-ios/Preview Content\"";
				ENABLE_PREVIEWS = YES;
				GENERATE_INFOPLIST_FILE = YES;
				INFOPLIST_KEY_UIApplicationSceneManifest_Generation = YES;
				INFOPLIST_KEY_UIApplicationSupportsIndirectInputEvents = YES;
				INFOPLIST_KEY_UILaunchScreen_Generation = YES;
				INFOPLIST_KEY_UISupportedInterfaceOrientations_iPad = "UIInterfaceOrientationPortrait UIInterfaceOrientationPortraitUpsideDown UIInterfaceOrientationLandscapeLeft UIInterfaceOrientationLandscapeRight";
				INFOPLIST_KEY_UISupportedInterfaceOrientations_iPhone = "UIInterfaceOrientationPortrait UIInterfaceOrientationLandscapeLeft UIInterfaceOrientationLandscapeRight";
				LD_RUNPATH_SEARCH_PATHS = (
					"$(inherited)",
					"@executable_path/Frameworks",
				);
				MARKETING_VERSION = 1.0;
				PRODUCT_BUNDLE_IDENTIFIER = "Softwire.mpp-ios";
				PRODUCT_NAME = "$(TARGET_NAME)";
				SWIFT_EMIT_LOC_STRINGS = YES;
				SWIFT_VERSION = 5.0;
				TARGETED_DEVICE_FAMILY = "1,2";
			};
			name = Debug;
		};
		4B7D0A042C35AD690092CB28 /* Release */ = {
			isa = XCBuildConfiguration;
			buildSettings = {
				ASSETCATALOG_COMPILER_APPICON_NAME = AppIcon;
				ASSETCATALOG_COMPILER_GLOBAL_ACCENT_COLOR_NAME = AccentColor;
				CODE_SIGN_STYLE = Automatic;
				CURRENT_PROJECT_VERSION = 1;
				DEVELOPMENT_ASSET_PATHS = "\"mpp-ios/Preview Content\"";
				ENABLE_PREVIEWS = YES;
				GENERATE_INFOPLIST_FILE = YES;
				INFOPLIST_KEY_UIApplicationSceneManifest_Generation = YES;
				INFOPLIST_KEY_UIApplicationSupportsIndirectInputEvents = YES;
				INFOPLIST_KEY_UILaunchScreen_Generation = YES;
				INFOPLIST_KEY_UISupportedInterfaceOrientations_iPad = "UIInterfaceOrientationPortrait UIInterfaceOrientationPortraitUpsideDown UIInterfaceOrientationLandscapeLeft UIInterfaceOrientationLandscapeRight";
				INFOPLIST_KEY_UISupportedInterfaceOrientations_iPhone = "UIInterfaceOrientationPortrait UIInterfaceOrientationLandscapeLeft UIInterfaceOrientationLandscapeRight";
				LD_RUNPATH_SEARCH_PATHS = (
					"$(inherited)",
					"@executable_path/Frameworks",
				);
				MARKETING_VERSION = 1.0;
				PRODUCT_BUNDLE_IDENTIFIER = "Softwire.mpp-ios";
				PRODUCT_NAME = "$(TARGET_NAME)";
				SWIFT_EMIT_LOC_STRINGS = YES;
				SWIFT_VERSION = 5.0;
				TARGETED_DEVICE_FAMILY = "1,2";
			};
			name = Release;
		};
		4B7D0A062C35AD690092CB28 /* Debug */ = {
			isa = XCBuildConfiguration;
			buildSettings = {
				ALWAYS_EMBED_SWIFT_STANDARD_LIBRARIES = YES;
				BUNDLE_LOADER = "$(TEST_HOST)";
				CODE_SIGN_STYLE = Automatic;
				CURRENT_PROJECT_VERSION = 1;
				GENERATE_INFOPLIST_FILE = YES;
				IPHONEOS_DEPLOYMENT_TARGET = 17.5;
				MARKETING_VERSION = 1.0;
				PRODUCT_BUNDLE_IDENTIFIER = "Softwire.mpp-iosTests";
				PRODUCT_NAME = "$(TARGET_NAME)";
				SWIFT_EMIT_LOC_STRINGS = NO;
				SWIFT_VERSION = 5.0;
				TARGETED_DEVICE_FAMILY = "1,2";
				TEST_HOST = "$(BUILT_PRODUCTS_DIR)/mpp-ios.app/$(BUNDLE_EXECUTABLE_FOLDER_PATH)/mpp-ios";
			};
			name = Debug;
		};
		4B7D0A072C35AD690092CB28 /* Release */ = {
			isa = XCBuildConfiguration;
			buildSettings = {
				ALWAYS_EMBED_SWIFT_STANDARD_LIBRARIES = YES;
				BUNDLE_LOADER = "$(TEST_HOST)";
				CODE_SIGN_STYLE = Automatic;
				CURRENT_PROJECT_VERSION = 1;
				GENERATE_INFOPLIST_FILE = YES;
				IPHONEOS_DEPLOYMENT_TARGET = 17.5;
				MARKETING_VERSION = 1.0;
				PRODUCT_BUNDLE_IDENTIFIER = "Softwire.mpp-iosTests";
				PRODUCT_NAME = "$(TARGET_NAME)";
				SWIFT_EMIT_LOC_STRINGS = NO;
				SWIFT_VERSION = 5.0;
				TARGETED_DEVICE_FAMILY = "1,2";
				TEST_HOST = "$(BUILT_PRODUCTS_DIR)/mpp-ios.app/$(BUNDLE_EXECUTABLE_FOLDER_PATH)/mpp-ios";
			};
			name = Release;
		};
		4B7D0A092C35AD690092CB28 /* Debug */ = {
			isa = XCBuildConfiguration;
			buildSettings = {
				ALWAYS_EMBED_SWIFT_STANDARD_LIBRARIES = YES;
				CODE_SIGN_STYLE = Automatic;
				CURRENT_PROJECT_VERSION = 1;
				GENERATE_INFOPLIST_FILE = YES;
				MARKETING_VERSION = 1.0;
				PRODUCT_BUNDLE_IDENTIFIER = "Softwire.mpp-iosUITests";
				PRODUCT_NAME = "$(TARGET_NAME)";
				SWIFT_EMIT_LOC_STRINGS = NO;
				SWIFT_VERSION = 5.0;
				TARGETED_DEVICE_FAMILY = "1,2";
				TEST_TARGET_NAME = "mpp-ios";
			};
			name = Debug;
		};
		4B7D0A0A2C35AD690092CB28 /* Release */ = {
			isa = XCBuildConfiguration;
			buildSettings = {
				ALWAYS_EMBED_SWIFT_STANDARD_LIBRARIES = YES;
				CODE_SIGN_STYLE = Automatic;
				CURRENT_PROJECT_VERSION = 1;
				GENERATE_INFOPLIST_FILE = YES;
				MARKETING_VERSION = 1.0;
				PRODUCT_BUNDLE_IDENTIFIER = "Softwire.mpp-iosUITests";
				PRODUCT_NAME = "$(TARGET_NAME)";
				SWIFT_EMIT_LOC_STRINGS = NO;
				SWIFT_VERSION = 5.0;
				TARGETED_DEVICE_FAMILY = "1,2";
				TEST_TARGET_NAME = "mpp-ios";
			};
			name = Release;
		};
/* End XCBuildConfiguration section */

/* Begin XCConfigurationList section */
		4B7D09D92C35AD680092CB28 /* Build configuration list for PBXProject "mpp-ios" */ = {
			isa = XCConfigurationList;
			buildConfigurations = (
				4B7D0A002C35AD690092CB28 /* Debug */,
				4B7D0A012C35AD690092CB28 /* Release */,
			);
			defaultConfigurationIsVisible = 0;
			defaultConfigurationName = Release;
		};
		4B7D0A022C35AD690092CB28 /* Build configuration list for PBXNativeTarget "mpp-ios" */ = {
			isa = XCConfigurationList;
			buildConfigurations = (
				4B7D0A032C35AD690092CB28 /* Debug */,
				4B7D0A042C35AD690092CB28 /* Release */,
			);
			defaultConfigurationIsVisible = 0;
			defaultConfigurationName = Release;
		};
		4B7D0A052C35AD690092CB28 /* Build configuration list for PBXNativeTarget "mpp-iosTests" */ = {
			isa = XCConfigurationList;
			buildConfigurations = (
				4B7D0A062C35AD690092CB28 /* Debug */,
				4B7D0A072C35AD690092CB28 /* Release */,
			);
			defaultConfigurationIsVisible = 0;
			defaultConfigurationName = Release;
		};
		4B7D0A082C35AD690092CB28 /* Build configuration list for PBXNativeTarget "mpp-iosUITests" */ = {
			isa = XCConfigurationList;
			buildConfigurations = (
				4B7D0A092C35AD690092CB28 /* Debug */,
				4B7D0A0A2C35AD690092CB28 /* Release */,
			);
			defaultConfigurationIsVisible = 0;
			defaultConfigurationName = Release;
		};
/* End XCConfigurationList section */
	};
	rootObject = 4B7D09D62C35AD680092CB28 /* Project object */;
}
